// !$*UTF8*$!
{
	archiveVersion = 1;
	classes = {
	};
	objectVersion = 48;
	objects = {

/* Begin PBXBuildFile section */
		1061B50F20641363006B75E6 /* AppDelegate.swift in Sources */ = {isa = PBXBuildFile; fileRef = 1061B50E20641363006B75E6 /* AppDelegate.swift */; };
		1061B51120641363006B75E6 /* ViewController.swift in Sources */ = {isa = PBXBuildFile; fileRef = 1061B51020641363006B75E6 /* ViewController.swift */; };
		1061B51420641363006B75E6 /* Main.storyboard in Resources */ = {isa = PBXBuildFile; fileRef = 1061B51220641363006B75E6 /* Main.storyboard */; };
		1061B51620641363006B75E6 /* Assets.xcassets in Resources */ = {isa = PBXBuildFile; fileRef = 1061B51520641363006B75E6 /* Assets.xcassets */; };
		1061B51920641363006B75E6 /* LaunchScreen.storyboard in Resources */ = {isa = PBXBuildFile; fileRef = 1061B51720641363006B75E6 /* LaunchScreen.storyboard */; };
		1061B52420641363006B75E6 /* iTunesSearchResultTests.swift in Sources */ = {isa = PBXBuildFile; fileRef = 1061B52320641363006B75E6 /* iTunesSearchResultTests.swift */; };
		10A55B9C2079DF8D00C8E8C8 /* iTunesTrack.swift in Sources */ = {isa = PBXBuildFile; fileRef = 10A55B9B2079DF8D00C8E8C8 /* iTunesTrack.swift */; };
		10A55B9F2079E2D600C8E8C8 /* iTunesResponse.json in Resources */ = {isa = PBXBuildFile; fileRef = 10A55B9E2079E2D600C8E8C8 /* iTunesResponse.json */; };
		10A55BA02079E2D600C8E8C8 /* iTunesResponse.json in Resources */ = {isa = PBXBuildFile; fileRef = 10A55B9E2079E2D600C8E8C8 /* iTunesResponse.json */; };
		10A55BA42079E42A00C8E8C8 /* XCTest+Utils.swift in Sources */ = {isa = PBXBuildFile; fileRef = 10A55BA22079E42A00C8E8C8 /* XCTest+Utils.swift */; };
/* End PBXBuildFile section */

/* Begin PBXContainerItemProxy section */
		1061B52020641363006B75E6 /* PBXContainerItemProxy */ = {
			isa = PBXContainerItemProxy;
			containerPortal = 1061B50320641362006B75E6 /* Project object */;
			proxyType = 1;
			remoteGlobalIDString = 1061B50A20641362006B75E6;
			remoteInfo = "ios-itunes-search-app";
		};
/* End PBXContainerItemProxy section */

/* Begin PBXFileReference section */
		1061B50B20641363006B75E6 /* ios-itunes-search-app.app */ = {isa = PBXFileReference; explicitFileType = wrapper.application; includeInIndex = 0; path = "ios-itunes-search-app.app"; sourceTree = BUILT_PRODUCTS_DIR; };
		1061B50E20641363006B75E6 /* AppDelegate.swift */ = {isa = PBXFileReference; lastKnownFileType = sourcecode.swift; path = AppDelegate.swift; sourceTree = "<group>"; };
		1061B51020641363006B75E6 /* ViewController.swift */ = {isa = PBXFileReference; lastKnownFileType = sourcecode.swift; path = ViewController.swift; sourceTree = "<group>"; };
		1061B51320641363006B75E6 /* Base */ = {isa = PBXFileReference; lastKnownFileType = file.storyboard; name = Base; path = Base.lproj/Main.storyboard; sourceTree = "<group>"; };
		1061B51520641363006B75E6 /* Assets.xcassets */ = {isa = PBXFileReference; lastKnownFileType = folder.assetcatalog; path = Assets.xcassets; sourceTree = "<group>"; };
		1061B51820641363006B75E6 /* Base */ = {isa = PBXFileReference; lastKnownFileType = file.storyboard; name = Base; path = Base.lproj/LaunchScreen.storyboard; sourceTree = "<group>"; };
		1061B51A20641363006B75E6 /* Info.plist */ = {isa = PBXFileReference; lastKnownFileType = text.plist.xml; path = Info.plist; sourceTree = "<group>"; };
		1061B51F20641363006B75E6 /* ios-itunes-search-appTests.xctest */ = {isa = PBXFileReference; explicitFileType = wrapper.cfbundle; includeInIndex = 0; path = "ios-itunes-search-appTests.xctest"; sourceTree = BUILT_PRODUCTS_DIR; };
		1061B52320641363006B75E6 /* iTunesSearchResultTests.swift */ = {isa = PBXFileReference; lastKnownFileType = sourcecode.swift; path = iTunesSearchResultTests.swift; sourceTree = "<group>"; };
		1061B52520641363006B75E6 /* Info.plist */ = {isa = PBXFileReference; lastKnownFileType = text.plist.xml; path = Info.plist; sourceTree = "<group>"; };
		1061B52F2064140A006B75E6 /* README.md */ = {isa = PBXFileReference; lastKnownFileType = net.daringfireball.markdown; path = README.md; sourceTree = "<group>"; };
		1061B53020641441006B75E6 /* APIRequest&Response.md */ = {isa = PBXFileReference; lastKnownFileType = net.daringfireball.markdown; path = "APIRequest&Response.md"; sourceTree = "<group>"; };
		10A55B9B2079DF8D00C8E8C8 /* iTunesTrack.swift */ = {isa = PBXFileReference; fileEncoding = 4; lastKnownFileType = sourcecode.swift; path = iTunesTrack.swift; sourceTree = "<group>"; };
		10A55B9E2079E2D600C8E8C8 /* iTunesResponse.json */ = {isa = PBXFileReference; lastKnownFileType = text.json; path = iTunesResponse.json; sourceTree = "<group>"; };
		10A55BA22079E42A00C8E8C8 /* XCTest+Utils.swift */ = {isa = PBXFileReference; lastKnownFileType = sourcecode.swift; path = "XCTest+Utils.swift"; sourceTree = "<group>"; };
/* End PBXFileReference section */

/* Begin PBXFrameworksBuildPhase section */
		1061B50820641362006B75E6 /* Frameworks */ = {
			isa = PBXFrameworksBuildPhase;
			buildActionMask = 2147483647;
			files = (
			);
			runOnlyForDeploymentPostprocessing = 0;
		};
		1061B51C20641363006B75E6 /* Frameworks */ = {
			isa = PBXFrameworksBuildPhase;
			buildActionMask = 2147483647;
			files = (
			);
			runOnlyForDeploymentPostprocessing = 0;
		};
/* End PBXFrameworksBuildPhase section */

/* Begin PBXGroup section */
		1061B50220641362006B75E6 = {
			isa = PBXGroup;
			children = (
				1061B52E206413D9006B75E6 /* Documents */,
				1061B50D20641363006B75E6 /* ios-itunes-search-app */,
				1061B52220641363006B75E6 /* ios-itunes-search-appTests */,
				1061B50C20641363006B75E6 /* Products */,
			);
			sourceTree = "<group>";
		};
		1061B50C20641363006B75E6 /* Products */ = {
			isa = PBXGroup;
			children = (
				1061B50B20641363006B75E6 /* ios-itunes-search-app.app */,
				1061B51F20641363006B75E6 /* ios-itunes-search-appTests.xctest */,
			);
			name = Products;
			sourceTree = "<group>";
		};
		1061B50D20641363006B75E6 /* ios-itunes-search-app */ = {
			isa = PBXGroup;
			children = (
				1061B50E20641363006B75E6 /* AppDelegate.swift */,
				10A55B9A2079DF5300C8E8C8 /* Model */,
				10A55B992079DF3500C8E8C8 /* View・VC */,
				10A55B982079DF0400C8E8C8 /* Support Files */,
			);
			path = "ios-itunes-search-app";
			sourceTree = "<group>";
		};
		1061B52220641363006B75E6 /* ios-itunes-search-appTests */ = {
			isa = PBXGroup;
			children = (
				1061B52320641363006B75E6 /* iTunesSearchResultTests.swift */,
				10A55BA12079E3C600C8E8C8 /* Support Files */,
				10A55B9D2079E27800C8E8C8 /* Resources */,
			);
			path = "ios-itunes-search-appTests";
			sourceTree = "<group>";
		};
		1061B52E206413D9006B75E6 /* Documents */ = {
			isa = PBXGroup;
			children = (
				1061B52F2064140A006B75E6 /* README.md */,
				1061B53020641441006B75E6 /* APIRequest&Response.md */,
			);
			path = Documents;
			sourceTree = "<group>";
		};
		10A55B982079DF0400C8E8C8 /* Support Files */ = {
			isa = PBXGroup;
			children = (
				1061B51520641363006B75E6 /* Assets.xcassets */,
				1061B51A20641363006B75E6 /* Info.plist */,
			);
			name = "Support Files";
			sourceTree = "<group>";
		};
		10A55B992079DF3500C8E8C8 /* View・VC */ = {
			isa = PBXGroup;
			children = (
				1061B51020641363006B75E6 /* ViewController.swift */,
				1061B51220641363006B75E6 /* Main.storyboard */,
				1061B51720641363006B75E6 /* LaunchScreen.storyboard */,
			);
			name = "View・VC";
			sourceTree = "<group>";
		};
		10A55B9A2079DF5300C8E8C8 /* Model */ = {
			isa = PBXGroup;
			children = (
				10A55B9B2079DF8D00C8E8C8 /* iTunesTrack.swift */,
			);
			name = Model;
			sourceTree = "<group>";
		};
		10A55B9D2079E27800C8E8C8 /* Resources */ = {
			isa = PBXGroup;
			children = (
				1061B52520641363006B75E6 /* Info.plist */,
				10A55B9E2079E2D600C8E8C8 /* iTunesResponse.json */,
			);
			name = Resources;
			sourceTree = "<group>";
		};
		10A55BA12079E3C600C8E8C8 /* Support Files */ = {
			isa = PBXGroup;
			children = (
				10A55BA22079E42A00C8E8C8 /* XCTest+Utils.swift */,
			);
			name = "Support Files";
			sourceTree = "<group>";
		};
/* End PBXGroup section */

/* Begin PBXNativeTarget section */
		1061B50A20641362006B75E6 /* ios-itunes-search-app */ = {
			isa = PBXNativeTarget;
			buildConfigurationList = 1061B52820641363006B75E6 /* Build configuration list for PBXNativeTarget "ios-itunes-search-app" */;
			buildPhases = (
				1061B50720641362006B75E6 /* Sources */,
				1061B50820641362006B75E6 /* Frameworks */,
				1061B50920641362006B75E6 /* Resources */,
			);
			buildRules = (
			);
			dependencies = (
			);
			name = "ios-itunes-search-app";
			productName = "ios-itunes-search-app";
			productReference = 1061B50B20641363006B75E6 /* ios-itunes-search-app.app */;
			productType = "com.apple.product-type.application";
		};
		1061B51E20641363006B75E6 /* ios-itunes-search-appTests */ = {
			isa = PBXNativeTarget;
			buildConfigurationList = 1061B52B20641363006B75E6 /* Build configuration list for PBXNativeTarget "ios-itunes-search-appTests" */;
			buildPhases = (
				1061B51B20641363006B75E6 /* Sources */,
				1061B51C20641363006B75E6 /* Frameworks */,
				1061B51D20641363006B75E6 /* Resources */,
			);
			buildRules = (
			);
			dependencies = (
				1061B52120641363006B75E6 /* PBXTargetDependency */,
			);
			name = "ios-itunes-search-appTests";
			productName = "ios-itunes-search-appTests";
			productReference = 1061B51F20641363006B75E6 /* ios-itunes-search-appTests.xctest */;
			productType = "com.apple.product-type.bundle.unit-test";
		};
/* End PBXNativeTarget section */

/* Begin PBXProject section */
		1061B50320641362006B75E6 /* Project object */ = {
			isa = PBXProject;
			attributes = {
				LastSwiftUpdateCheck = 0920;
				LastUpgradeCheck = 0920;
				ORGANIZATIONNAME = "sunday carpenter";
				TargetAttributes = {
					1061B50A20641362006B75E6 = {
						CreatedOnToolsVersion = 9.2;
						ProvisioningStyle = Automatic;
					};
					1061B51E20641363006B75E6 = {
						CreatedOnToolsVersion = 9.2;
						ProvisioningStyle = Automatic;
						TestTargetID = 1061B50A20641362006B75E6;
					};
				};
			};
			buildConfigurationList = 1061B50620641362006B75E6 /* Build configuration list for PBXProject "ios-itunes-search-app" */;
			compatibilityVersion = "Xcode 8.0";
			developmentRegion = en;
			hasScannedForEncodings = 0;
			knownRegions = (
				en,
				Base,
			);
			mainGroup = 1061B50220641362006B75E6;
			productRefGroup = 1061B50C20641363006B75E6 /* Products */;
			projectDirPath = "";
			projectRoot = "";
			targets = (
				1061B50A20641362006B75E6 /* ios-itunes-search-app */,
				1061B51E20641363006B75E6 /* ios-itunes-search-appTests */,
			);
		};
/* End PBXProject section */

/* Begin PBXResourcesBuildPhase section */
		1061B50920641362006B75E6 /* Resources */ = {
			isa = PBXResourcesBuildPhase;
			buildActionMask = 2147483647;
			files = (
				1061B51920641363006B75E6 /* LaunchScreen.storyboard in Resources */,
				1061B51620641363006B75E6 /* Assets.xcassets in Resources */,
				10A55B9F2079E2D600C8E8C8 /* iTunesResponse.json in Resources */,
				1061B51420641363006B75E6 /* Main.storyboard in Resources */,
			);
			runOnlyForDeploymentPostprocessing = 0;
		};
		1061B51D20641363006B75E6 /* Resources */ = {
			isa = PBXResourcesBuildPhase;
			buildActionMask = 2147483647;
			files = (
				10A55BA02079E2D600C8E8C8 /* iTunesResponse.json in Resources */,
			);
			runOnlyForDeploymentPostprocessing = 0;
		};
/* End PBXResourcesBuildPhase section */

/* Begin PBXSourcesBuildPhase section */
		1061B50720641362006B75E6 /* Sources */ = {
			isa = PBXSourcesBuildPhase;
			buildActionMask = 2147483647;
			files = (
				1061B51120641363006B75E6 /* ViewController.swift in Sources */,
				10A55B9C2079DF8D00C8E8C8 /* iTunesTrack.swift in Sources */,
				1061B50F20641363006B75E6 /* AppDelegate.swift in Sources */,
			);
			runOnlyForDeploymentPostprocessing = 0;
		};
		1061B51B20641363006B75E6 /* Sources */ = {
			isa = PBXSourcesBuildPhase;
			buildActionMask = 2147483647;
			files = (
				10A55BA42079E42A00C8E8C8 /* XCTest+Utils.swift in Sources */,
				1061B52420641363006B75E6 /* iTunesSearchResultTests.swift in Sources */,
			);
			runOnlyForDeploymentPostprocessing = 0;
		};
/* End PBXSourcesBuildPhase section */

/* Begin PBXTargetDependency section */
		1061B52120641363006B75E6 /* PBXTargetDependency */ = {
			isa = PBXTargetDependency;
			target = 1061B50A20641362006B75E6 /* ios-itunes-search-app */;
			targetProxy = 1061B52020641363006B75E6 /* PBXContainerItemProxy */;
		};
/* End PBXTargetDependency section */

/* Begin PBXVariantGroup section */
		1061B51220641363006B75E6 /* Main.storyboard */ = {
			isa = PBXVariantGroup;
			children = (
				1061B51320641363006B75E6 /* Base */,
			);
			name = Main.storyboard;
			sourceTree = "<group>";
		};
		1061B51720641363006B75E6 /* LaunchScreen.storyboard */ = {
			isa = PBXVariantGroup;
			children = (
				1061B51820641363006B75E6 /* Base */,
			);
			name = LaunchScreen.storyboard;
			sourceTree = "<group>";
		};
/* End PBXVariantGroup section */

/* Begin XCBuildConfiguration section */
		1061B52620641363006B75E6 /* Debug */ = {
			isa = XCBuildConfiguration;
			buildSettings = {
				ALWAYS_SEARCH_USER_PATHS = NO;
				CLANG_ANALYZER_NONNULL = YES;
				CLANG_ANALYZER_NUMBER_OBJECT_CONVERSION = YES_AGGRESSIVE;
				CLANG_CXX_LANGUAGE_STANDARD = "gnu++14";
				CLANG_CXX_LIBRARY = "libc++";
				CLANG_ENABLE_MODULES = YES;
				CLANG_ENABLE_OBJC_ARC = YES;
				CLANG_WARN_BLOCK_CAPTURE_AUTORELEASING = YES;
				CLANG_WARN_BOOL_CONVERSION = YES;
				CLANG_WARN_COMMA = YES;
				CLANG_WARN_CONSTANT_CONVERSION = YES;
				CLANG_WARN_DIRECT_OBJC_ISA_USAGE = YES_ERROR;
				CLANG_WARN_DOCUMENTATION_COMMENTS = YES;
				CLANG_WARN_EMPTY_BODY = YES;
				CLANG_WARN_ENUM_CONVERSION = YES;
				CLANG_WARN_INFINITE_RECURSION = YES;
				CLANG_WARN_INT_CONVERSION = YES;
				CLANG_WARN_NON_LITERAL_NULL_CONVERSION = YES;
				CLANG_WARN_OBJC_LITERAL_CONVERSION = YES;
				CLANG_WARN_OBJC_ROOT_CLASS = YES_ERROR;
				CLANG_WARN_RANGE_LOOP_ANALYSIS = YES;
				CLANG_WARN_STRICT_PROTOTYPES = YES;
				CLANG_WARN_SUSPICIOUS_MOVE = YES;
				CLANG_WARN_UNGUARDED_AVAILABILITY = YES_AGGRESSIVE;
				CLANG_WARN_UNREACHABLE_CODE = YES;
				CLANG_WARN__DUPLICATE_METHOD_MATCH = YES;
				CODE_SIGN_IDENTITY = "iPhone Developer";
				COPY_PHASE_STRIP = NO;
				DEBUG_INFORMATION_FORMAT = dwarf;
				ENABLE_STRICT_OBJC_MSGSEND = YES;
				ENABLE_TESTABILITY = YES;
				GCC_C_LANGUAGE_STANDARD = gnu11;
				GCC_DYNAMIC_NO_PIC = NO;
				GCC_NO_COMMON_BLOCKS = YES;
				GCC_OPTIMIZATION_LEVEL = 0;
				GCC_PREPROCESSOR_DEFINITIONS = (
					"DEBUG=1",
					"$(inherited)",
				);
				GCC_WARN_64_TO_32_BIT_CONVERSION = YES;
				GCC_WARN_ABOUT_RETURN_TYPE = YES_ERROR;
				GCC_WARN_UNDECLARED_SELECTOR = YES;
				GCC_WARN_UNINITIALIZED_AUTOS = YES_AGGRESSIVE;
				GCC_WARN_UNUSED_FUNCTION = YES;
				GCC_WARN_UNUSED_VARIABLE = YES;
				IPHONEOS_DEPLOYMENT_TARGET = 11.2;
				MTL_ENABLE_DEBUG_INFO = YES;
				ONLY_ACTIVE_ARCH = YES;
				SDKROOT = iphoneos;
				SWIFT_ACTIVE_COMPILATION_CONDITIONS = DEBUG;
				SWIFT_OPTIMIZATION_LEVEL = "-Onone";
			};
			name = Debug;
		};
		1061B52720641363006B75E6 /* Release */ = {
			isa = XCBuildConfiguration;
			buildSettings = {
				ALWAYS_SEARCH_USER_PATHS = NO;
				CLANG_ANALYZER_NONNULL = YES;
				CLANG_ANALYZER_NUMBER_OBJECT_CONVERSION = YES_AGGRESSIVE;
				CLANG_CXX_LANGUAGE_STANDARD = "gnu++14";
				CLANG_CXX_LIBRARY = "libc++";
				CLANG_ENABLE_MODULES = YES;
				CLANG_ENABLE_OBJC_ARC = YES;
				CLANG_WARN_BLOCK_CAPTURE_AUTORELEASING = YES;
				CLANG_WARN_BOOL_CONVERSION = YES;
				CLANG_WARN_COMMA = YES;
				CLANG_WARN_CONSTANT_CONVERSION = YES;
				CLANG_WARN_DIRECT_OBJC_ISA_USAGE = YES_ERROR;
				CLANG_WARN_DOCUMENTATION_COMMENTS = YES;
				CLANG_WARN_EMPTY_BODY = YES;
				CLANG_WARN_ENUM_CONVERSION = YES;
				CLANG_WARN_INFINITE_RECURSION = YES;
				CLANG_WARN_INT_CONVERSION = YES;
				CLANG_WARN_NON_LITERAL_NULL_CONVERSION = YES;
				CLANG_WARN_OBJC_LITERAL_CONVERSION = YES;
				CLANG_WARN_OBJC_ROOT_CLASS = YES_ERROR;
				CLANG_WARN_RANGE_LOOP_ANALYSIS = YES;
				CLANG_WARN_STRICT_PROTOTYPES = YES;
				CLANG_WARN_SUSPICIOUS_MOVE = YES;
				CLANG_WARN_UNGUARDED_AVAILABILITY = YES_AGGRESSIVE;
				CLANG_WARN_UNREACHABLE_CODE = YES;
				CLANG_WARN__DUPLICATE_METHOD_MATCH = YES;
				CODE_SIGN_IDENTITY = "iPhone Developer";
				COPY_PHASE_STRIP = NO;
				DEBUG_INFORMATION_FORMAT = "dwarf-with-dsym";
				ENABLE_NS_ASSERTIONS = NO;
				ENABLE_STRICT_OBJC_MSGSEND = YES;
				GCC_C_LANGUAGE_STANDARD = gnu11;
				GCC_NO_COMMON_BLOCKS = YES;
				GCC_WARN_64_TO_32_BIT_CONVERSION = YES;
				GCC_WARN_ABOUT_RETURN_TYPE = YES_ERROR;
				GCC_WARN_UNDECLARED_SELECTOR = YES;
				GCC_WARN_UNINITIALIZED_AUTOS = YES_AGGRESSIVE;
				GCC_WARN_UNUSED_FUNCTION = YES;
				GCC_WARN_UNUSED_VARIABLE = YES;
				IPHONEOS_DEPLOYMENT_TARGET = 11.2;
				MTL_ENABLE_DEBUG_INFO = NO;
				SDKROOT = iphoneos;
				SWIFT_OPTIMIZATION_LEVEL = "-Owholemodule";
				VALIDATE_PRODUCT = YES;
			};
			name = Release;
		};
		1061B52920641363006B75E6 /* Debug */ = {
			isa = XCBuildConfiguration;
			buildSettings = {
				ASSETCATALOG_COMPILER_APPICON_NAME = AppIcon;
				CODE_SIGN_STYLE = Automatic;
				DEVELOPMENT_TEAM = 469GT6P4NA;
				INFOPLIST_FILE = "ios-itunes-search-app/Info.plist";
				LD_RUNPATH_SEARCH_PATHS = "$(inherited) @executable_path/Frameworks";
				PRODUCT_BUNDLE_IDENTIFIER = "jp.co.sundaycarpenter.ios-itunes-search-app";
				PRODUCT_NAME = "$(TARGET_NAME)";
				SWIFT_VERSION = 4.0;
				TARGETED_DEVICE_FAMILY = "1,2";
			};
			name = Debug;
		};
		1061B52A20641363006B75E6 /* Release */ = {
			isa = XCBuildConfiguration;
			buildSettings = {
				ASSETCATALOG_COMPILER_APPICON_NAME = AppIcon;
				CODE_SIGN_STYLE = Automatic;
				DEVELOPMENT_TEAM = 469GT6P4NA;
				INFOPLIST_FILE = "ios-itunes-search-app/Info.plist";
				LD_RUNPATH_SEARCH_PATHS = "$(inherited) @executable_path/Frameworks";
				PRODUCT_BUNDLE_IDENTIFIER = "jp.co.sundaycarpenter.ios-itunes-search-app";
				PRODUCT_NAME = "$(TARGET_NAME)";
				SWIFT_VERSION = 4.0;
				TARGETED_DEVICE_FAMILY = "1,2";
			};
			name = Release;
		};
		1061B52C20641363006B75E6 /* Debug */ = {
			isa = XCBuildConfiguration;
			buildSettings = {
				ALWAYS_EMBED_SWIFT_STANDARD_LIBRARIES = YES;
				BUNDLE_LOADER = "$(TEST_HOST)";
				CODE_SIGN_STYLE = Automatic;
				DEVELOPMENT_TEAM = 469GT6P4NA;
				INFOPLIST_FILE = "ios-itunes-search-appTests/Info.plist";
				LD_RUNPATH_SEARCH_PATHS = "$(inherited) @executable_path/Frameworks @loader_path/Frameworks";
				PRODUCT_BUNDLE_IDENTIFIER = "jp.co.sundaycarpenter.ios-itunes-search-appTests";
				PRODUCT_NAME = "$(TARGET_NAME)";
				SWIFT_VERSION = 4.0;
				TARGETED_DEVICE_FAMILY = "1,2";
				TEST_HOST = "$(BUILT_PRODUCTS_DIR)/ios-itunes-search-app.app/ios-itunes-search-app";
			};
			name = Debug;
		};
		1061B52D20641363006B75E6 /* Release */ = {
			isa = XCBuildConfiguration;
			buildSettings = {
				ALWAYS_EMBED_SWIFT_STANDARD_LIBRARIES = YES;
				BUNDLE_LOADER = "$(TEST_HOST)";
				CODE_SIGN_STYLE = Automatic;
				DEVELOPMENT_TEAM = 469GT6P4NA;
				INFOPLIST_FILE = "ios-itunes-search-appTests/Info.plist";
				LD_RUNPATH_SEARCH_PATHS = "$(inherited) @executable_path/Frameworks @loader_path/Frameworks";
				PRODUCT_BUNDLE_IDENTIFIER = "jp.co.sundaycarpenter.ios-itunes-search-appTests";
				PRODUCT_NAME = "$(TARGET_NAME)";
				SWIFT_VERSION = 4.0;
				TARGETED_DEVICE_FAMILY = "1,2";
				TEST_HOST = "$(BUILT_PRODUCTS_DIR)/ios-itunes-search-app.app/ios-itunes-search-app";
			};
			name = Release;
		};
/* End XCBuildConfiguration section */

/* Begin XCConfigurationList section */
		1061B50620641362006B75E6 /* Build configuration list for PBXProject "ios-itunes-search-app" */ = {
			isa = XCConfigurationList;
			buildConfigurations = (
				1061B52620641363006B75E6 /* Debug */,
				1061B52720641363006B75E6 /* Release */,
			);
			defaultConfigurationIsVisible = 0;
			defaultConfigurationName = Release;
		};
		1061B52820641363006B75E6 /* Build configuration list for PBXNativeTarget "ios-itunes-search-app" */ = {
			isa = XCConfigurationList;
			buildConfigurations = (
				1061B52920641363006B75E6 /* Debug */,
				1061B52A20641363006B75E6 /* Release */,
			);
			defaultConfigurationIsVisible = 0;
			defaultConfigurationName = Release;
		};
		1061B52B20641363006B75E6 /* Build configuration list for PBXNativeTarget "ios-itunes-search-appTests" */ = {
			isa = XCConfigurationList;
			buildConfigurations = (
				1061B52C20641363006B75E6 /* Debug */,
				1061B52D20641363006B75E6 /* Release */,
			);
			defaultConfigurationIsVisible = 0;
			defaultConfigurationName = Release;
		};
/* End XCConfigurationList section */
	};
	rootObject = 1061B50320641362006B75E6 /* Project object */;
}
