// !$*UTF8*$!
{
	archiveVersion = 1;
	classes = {
	};
	objectVersion = 48;
	objects = {

/* Begin PBXBuildFile section */
		1011B7DA2083121B00AAE928 /* iTunesRepository.swift in Sources */ = {isa = PBXBuildFile; fileRef = 1011B7D92083121B00AAE928 /* iTunesRepository.swift */; };
		1011B7DC2083192B00AAE928 /* iTunesRepositoryTests.swift in Sources */ = {isa = PBXBuildFile; fileRef = 1011B7DB2083192B00AAE928 /* iTunesRepositoryTests.swift */; };
		10457EAE2082420100E938BD /* ArtworkDtoTests.swift in Sources */ = {isa = PBXBuildFile; fileRef = 10457EAD2082420100E938BD /* ArtworkDtoTests.swift */; };
		10457EB0208243CB00E938BD /* ArtworkDaoTests.swift in Sources */ = {isa = PBXBuildFile; fileRef = 10457EAF208243CB00E938BD /* ArtworkDaoTests.swift */; };
		10457EB4208250F600E938BD /* spareribs.jpg in Resources */ = {isa = PBXBuildFile; fileRef = 10457EB3208250F600E938BD /* spareribs.jpg */; };
		10457EB5208250F600E938BD /* spareribs.jpg in Resources */ = {isa = PBXBuildFile; fileRef = 10457EB3208250F600E938BD /* spareribs.jpg */; };
		10457EB72082512500E938BD /* snow.jpg in Resources */ = {isa = PBXBuildFile; fileRef = 10457EB62082512500E938BD /* snow.jpg */; };
		10457EB82082512500E938BD /* snow.jpg in Resources */ = {isa = PBXBuildFile; fileRef = 10457EB62082512500E938BD /* snow.jpg */; };
		1050CAB5207A66B300F5B554 /* Realm.framework in Frameworks */ = {isa = PBXBuildFile; fileRef = 1050CAB3207A66B200F5B554 /* Realm.framework */; };
		1050CAB6207A66B300F5B554 /* RealmSwift.framework in Frameworks */ = {isa = PBXBuildFile; fileRef = 1050CAB4207A66B300F5B554 /* RealmSwift.framework */; };
		1050CAB9207A673800F5B554 /* RealmDaoHelper.swift in Sources */ = {isa = PBXBuildFile; fileRef = 1050CAB8207A673800F5B554 /* RealmDaoHelper.swift */; };
		1050CABB207A67F800F5B554 /* ArtworkDto.swift in Sources */ = {isa = PBXBuildFile; fileRef = 1050CABA207A67F800F5B554 /* ArtworkDto.swift */; };
		1050CABD207A68BC00F5B554 /* ArtworkDao.swift in Sources */ = {isa = PBXBuildFile; fileRef = 1050CABC207A68BC00F5B554 /* ArtworkDao.swift */; };
		1061B50F20641363006B75E6 /* AppDelegate.swift in Sources */ = {isa = PBXBuildFile; fileRef = 1061B50E20641363006B75E6 /* AppDelegate.swift */; };
		1061B51120641363006B75E6 /* RootVC.swift in Sources */ = {isa = PBXBuildFile; fileRef = 1061B51020641363006B75E6 /* RootVC.swift */; };
		1061B51420641363006B75E6 /* Main.storyboard in Resources */ = {isa = PBXBuildFile; fileRef = 1061B51220641363006B75E6 /* Main.storyboard */; };
		1061B51620641363006B75E6 /* Assets.xcassets in Resources */ = {isa = PBXBuildFile; fileRef = 1061B51520641363006B75E6 /* Assets.xcassets */; };
		1061B51920641363006B75E6 /* LaunchScreen.storyboard in Resources */ = {isa = PBXBuildFile; fileRef = 1061B51720641363006B75E6 /* LaunchScreen.storyboard */; };
		1061B52420641363006B75E6 /* iTunesSearchResultTests.swift in Sources */ = {isa = PBXBuildFile; fileRef = 1061B52320641363006B75E6 /* iTunesSearchResultTests.swift */; };
		108FA9AA20837EAE0054C9D3 /* VC+Util.swift in Sources */ = {isa = PBXBuildFile; fileRef = 108FA9A920837EAE0054C9D3 /* VC+Util.swift */; };
		108FA9AC208386D20054C9D3 /* Rooting.swift in Sources */ = {isa = PBXBuildFile; fileRef = 108FA9AB208386D20054C9D3 /* Rooting.swift */; };
		108FA9B220839F860054C9D3 /* Constants.swift in Sources */ = {isa = PBXBuildFile; fileRef = 108FA9B120839F860054C9D3 /* Constants.swift */; };
		108FA9B42083A5600054C9D3 /* NSObject+Util.swift in Sources */ = {isa = PBXBuildFile; fileRef = 108FA9B32083A5600054C9D3 /* NSObject+Util.swift */; };
		10916ACD208335FD0081888C /* ITunesCell.swift in Sources */ = {isa = PBXBuildFile; fileRef = 10916ACC208335FD0081888C /* ITunesCell.swift */; };
		10916ACF20834F460081888C /* EmptyResultVC.swift in Sources */ = {isa = PBXBuildFile; fileRef = 10916ACE20834F460081888C /* EmptyResultVC.swift */; };
		10916AD120834F770081888C /* SearchResultVC.swift in Sources */ = {isa = PBXBuildFile; fileRef = 10916AD020834F770081888C /* SearchResultVC.swift */; };
		10916AD320834FD10081888C /* SearchResultViewModel.swift in Sources */ = {isa = PBXBuildFile; fileRef = 10916AD220834FD10081888C /* SearchResultViewModel.swift */; };
		10916AD6208350120081888C /* EmptyResultVC.storyboard in Resources */ = {isa = PBXBuildFile; fileRef = 10916AD5208350120081888C /* EmptyResultVC.storyboard */; };
		10916AD82083502D0081888C /* SearchResultVC.storyboard in Resources */ = {isa = PBXBuildFile; fileRef = 10916AD72083502D0081888C /* SearchResultVC.storyboard */; };
		10A55B9C2079DF8D00C8E8C8 /* iTunesSearchResponse.swift in Sources */ = {isa = PBXBuildFile; fileRef = 10A55B9B2079DF8D00C8E8C8 /* iTunesSearchResponse.swift */; };
		10A55B9F2079E2D600C8E8C8 /* iTunesResponse.json in Resources */ = {isa = PBXBuildFile; fileRef = 10A55B9E2079E2D600C8E8C8 /* iTunesResponse.json */; };
		10A55BA02079E2D600C8E8C8 /* iTunesResponse.json in Resources */ = {isa = PBXBuildFile; fileRef = 10A55B9E2079E2D600C8E8C8 /* iTunesResponse.json */; };
		10A55BA42079E42A00C8E8C8 /* XCTest+Utils.swift in Sources */ = {isa = PBXBuildFile; fileRef = 10A55BA22079E42A00C8E8C8 /* XCTest+Utils.swift */; };
		10A55BA82079EE4100C8E8C8 /* APIKit.framework in Frameworks */ = {isa = PBXBuildFile; fileRef = 10A55BA62079EE4100C8E8C8 /* APIKit.framework */; };
		10A55BA92079EE4100C8E8C8 /* Result.framework in Frameworks */ = {isa = PBXBuildFile; fileRef = 10A55BA72079EE4100C8E8C8 /* Result.framework */; };
		10A55BAD2079EF6500C8E8C8 /* DecodableDataParser.swift in Sources */ = {isa = PBXBuildFile; fileRef = 10A55BAC2079EF6500C8E8C8 /* DecodableDataParser.swift */; };
		10A55BAF2079F03F00C8E8C8 /* iTunesSearchRequest.swift in Sources */ = {isa = PBXBuildFile; fileRef = 10A55BAE2079F03F00C8E8C8 /* iTunesSearchRequest.swift */; };
		10A55BB12079F14500C8E8C8 /* iTunesSearchAPI.swift in Sources */ = {isa = PBXBuildFile; fileRef = 10A55BB02079F14500C8E8C8 /* iTunesSearchAPI.swift */; };
		10A55BB32079F2F200C8E8C8 /* iTunesSearchAPITests.swift in Sources */ = {isa = PBXBuildFile; fileRef = 10A55BB22079F2F200C8E8C8 /* iTunesSearchAPITests.swift */; };
		10A55BB42079F36900C8E8C8 /* APIKit.framework in Frameworks */ = {isa = PBXBuildFile; fileRef = 10A55BA62079EE4100C8E8C8 /* APIKit.framework */; };
		10A55BB52079F36900C8E8C8 /* Result.framework in Frameworks */ = {isa = PBXBuildFile; fileRef = 10A55BA72079EE4100C8E8C8 /* Result.framework */; };
		10A55BB82079FFCD00C8E8C8 /* iTunesSearchAPIClient.swift in Sources */ = {isa = PBXBuildFile; fileRef = 10A55BB72079FFCD00C8E8C8 /* iTunesSearchAPIClient.swift */; };
		10A55BBA207A037B00C8E8C8 /* iTunesSearchAPIClientTests.swift in Sources */ = {isa = PBXBuildFile; fileRef = 10A55BB9207A037B00C8E8C8 /* iTunesSearchAPIClientTests.swift */; };
		10A55BBC207A099A00C8E8C8 /* Reachability.framework in Frameworks */ = {isa = PBXBuildFile; fileRef = 10A55BBB207A099A00C8E8C8 /* Reachability.framework */; };
		10A55BBD207A09DE00C8E8C8 /* Reachability.framework in Frameworks */ = {isa = PBXBuildFile; fileRef = 10A55BBB207A099A00C8E8C8 /* Reachability.framework */; };
		10A55BBF207A0A6300C8E8C8 /* NetworkUtil.swift in Sources */ = {isa = PBXBuildFile; fileRef = 10A55BBE207A0A6300C8E8C8 /* NetworkUtil.swift */; };
		10A55BC1207A0A9000C8E8C8 /* NetworkUtilTests.swift in Sources */ = {isa = PBXBuildFile; fileRef = 10A55BC0207A0A9000C8E8C8 /* NetworkUtilTests.swift */; };
		10A55BC3207A0EF900C8E8C8 /* ConnectionError.swift in Sources */ = {isa = PBXBuildFile; fileRef = 10A55BC2207A0EF900C8E8C8 /* ConnectionError.swift */; };
		10AE65DF208278060072DF6C /* ArtworkRepository.swift in Sources */ = {isa = PBXBuildFile; fileRef = 10AE65DE208278060072DF6C /* ArtworkRepository.swift */; };
		10AE65E120827B140072DF6C /* Artwork.swift in Sources */ = {isa = PBXBuildFile; fileRef = 10AE65E020827B140072DF6C /* Artwork.swift */; };
		10B269F8208298D600142AF8 /* DependencyInjectionable.swift in Sources */ = {isa = PBXBuildFile; fileRef = 10B269F7208298D600142AF8 /* DependencyInjectionable.swift */; };
		10B269FE2082ED5D00142AF8 /* ArtworkRepositoryTests.swift in Sources */ = {isa = PBXBuildFile; fileRef = 10B269FD2082ED5D00142AF8 /* ArtworkRepositoryTests.swift */; };
		10D4137B207A44F2004977AB /* ArtworkClient.swift in Sources */ = {isa = PBXBuildFile; fileRef = 10D4137A207A44F1004977AB /* ArtworkClient.swift */; };
		10D4137D207A460B004977AB /* RequestError.swift in Sources */ = {isa = PBXBuildFile; fileRef = 10D4137C207A460B004977AB /* RequestError.swift */; };
		10D4137F207A47A0004977AB /* ArtworkResponseError.swift in Sources */ = {isa = PBXBuildFile; fileRef = 10D4137E207A47A0004977AB /* ArtworkResponseError.swift */; };
		10D41381207A4A04004977AB /* ArtworkClientTests.swift in Sources */ = {isa = PBXBuildFile; fileRef = 10D41380207A4A04004977AB /* ArtworkClientTests.swift */; };
/* End PBXBuildFile section */

/* Begin PBXContainerItemProxy section */
		1061B52020641363006B75E6 /* PBXContainerItemProxy */ = {
			isa = PBXContainerItemProxy;
			containerPortal = 1061B50320641362006B75E6 /* Project object */;
			proxyType = 1;
			remoteGlobalIDString = 1061B50A20641362006B75E6;
			remoteInfo = "ios-itunes-search-app";
		};
/* End PBXContainerItemProxy section */

/* Begin PBXFileReference section */
		1011B7D92083121B00AAE928 /* iTunesRepository.swift */ = {isa = PBXFileReference; lastKnownFileType = sourcecode.swift; path = iTunesRepository.swift; sourceTree = "<group>"; };
		1011B7DB2083192B00AAE928 /* iTunesRepositoryTests.swift */ = {isa = PBXFileReference; lastKnownFileType = sourcecode.swift; name = iTunesRepositoryTests.swift; path = "ios-itunes-search-appTests/iTunesRepositoryTests.swift"; sourceTree = SOURCE_ROOT; };
		10457EAD2082420100E938BD /* ArtworkDtoTests.swift */ = {isa = PBXFileReference; lastKnownFileType = sourcecode.swift; path = ArtworkDtoTests.swift; sourceTree = "<group>"; };
		10457EAF208243CB00E938BD /* ArtworkDaoTests.swift */ = {isa = PBXFileReference; lastKnownFileType = sourcecode.swift; path = ArtworkDaoTests.swift; sourceTree = "<group>"; };
		10457EB3208250F600E938BD /* spareribs.jpg */ = {isa = PBXFileReference; lastKnownFileType = image.jpeg; path = spareribs.jpg; sourceTree = "<group>"; };
		10457EB62082512500E938BD /* snow.jpg */ = {isa = PBXFileReference; lastKnownFileType = image.jpeg; path = snow.jpg; sourceTree = "<group>"; };
		1050CAB3207A66B200F5B554 /* Realm.framework */ = {isa = PBXFileReference; lastKnownFileType = wrapper.framework; name = Realm.framework; path = Carthage/Build/iOS/Realm.framework; sourceTree = "<group>"; };
		1050CAB4207A66B300F5B554 /* RealmSwift.framework */ = {isa = PBXFileReference; lastKnownFileType = wrapper.framework; name = RealmSwift.framework; path = Carthage/Build/iOS/RealmSwift.framework; sourceTree = "<group>"; };
		1050CAB8207A673800F5B554 /* RealmDaoHelper.swift */ = {isa = PBXFileReference; fileEncoding = 4; lastKnownFileType = sourcecode.swift; path = RealmDaoHelper.swift; sourceTree = "<group>"; };
		1050CABA207A67F800F5B554 /* ArtworkDto.swift */ = {isa = PBXFileReference; lastKnownFileType = sourcecode.swift; path = ArtworkDto.swift; sourceTree = "<group>"; };
		1050CABC207A68BC00F5B554 /* ArtworkDao.swift */ = {isa = PBXFileReference; lastKnownFileType = sourcecode.swift; path = ArtworkDao.swift; sourceTree = "<group>"; };
		1061B50B20641363006B75E6 /* ios-itunes-search-app.app */ = {isa = PBXFileReference; explicitFileType = wrapper.application; includeInIndex = 0; path = "ios-itunes-search-app.app"; sourceTree = BUILT_PRODUCTS_DIR; };
		1061B50E20641363006B75E6 /* AppDelegate.swift */ = {isa = PBXFileReference; lastKnownFileType = sourcecode.swift; path = AppDelegate.swift; sourceTree = "<group>"; };
		1061B51020641363006B75E6 /* RootVC.swift */ = {isa = PBXFileReference; lastKnownFileType = sourcecode.swift; path = RootVC.swift; sourceTree = "<group>"; };
		1061B51320641363006B75E6 /* Base */ = {isa = PBXFileReference; lastKnownFileType = file.storyboard; name = Base; path = Base.lproj/Main.storyboard; sourceTree = "<group>"; };
		1061B51520641363006B75E6 /* Assets.xcassets */ = {isa = PBXFileReference; lastKnownFileType = folder.assetcatalog; path = Assets.xcassets; sourceTree = "<group>"; };
		1061B51820641363006B75E6 /* Base */ = {isa = PBXFileReference; lastKnownFileType = file.storyboard; name = Base; path = Base.lproj/LaunchScreen.storyboard; sourceTree = "<group>"; };
		1061B51A20641363006B75E6 /* Info.plist */ = {isa = PBXFileReference; lastKnownFileType = text.plist.xml; path = Info.plist; sourceTree = "<group>"; };
		1061B51F20641363006B75E6 /* ios-itunes-search-appTests.xctest */ = {isa = PBXFileReference; explicitFileType = wrapper.cfbundle; includeInIndex = 0; path = "ios-itunes-search-appTests.xctest"; sourceTree = BUILT_PRODUCTS_DIR; };
		1061B52320641363006B75E6 /* iTunesSearchResultTests.swift */ = {isa = PBXFileReference; lastKnownFileType = sourcecode.swift; path = iTunesSearchResultTests.swift; sourceTree = "<group>"; };
		1061B52520641363006B75E6 /* Info.plist */ = {isa = PBXFileReference; lastKnownFileType = text.plist.xml; path = Info.plist; sourceTree = "<group>"; };
		1061B52F2064140A006B75E6 /* README.md */ = {isa = PBXFileReference; lastKnownFileType = net.daringfireball.markdown; path = README.md; sourceTree = "<group>"; };
		1061B53020641441006B75E6 /* APIRequest&Response.md */ = {isa = PBXFileReference; lastKnownFileType = net.daringfireball.markdown; path = "APIRequest&Response.md"; sourceTree = "<group>"; };
		108FA9A920837EAE0054C9D3 /* VC+Util.swift */ = {isa = PBXFileReference; lastKnownFileType = sourcecode.swift; path = "VC+Util.swift"; sourceTree = "<group>"; };
		108FA9AB208386D20054C9D3 /* Rooting.swift */ = {isa = PBXFileReference; lastKnownFileType = sourcecode.swift; path = Rooting.swift; sourceTree = "<group>"; };
		108FA9B120839F860054C9D3 /* Constants.swift */ = {isa = PBXFileReference; lastKnownFileType = sourcecode.swift; path = Constants.swift; sourceTree = "<group>"; };
		108FA9B32083A5600054C9D3 /* NSObject+Util.swift */ = {isa = PBXFileReference; lastKnownFileType = sourcecode.swift; path = "NSObject+Util.swift"; sourceTree = "<group>"; };
		10916ACC208335FD0081888C /* ITunesCell.swift */ = {isa = PBXFileReference; lastKnownFileType = sourcecode.swift; path = ITunesCell.swift; sourceTree = "<group>"; };
		10916ACE20834F460081888C /* EmptyResultVC.swift */ = {isa = PBXFileReference; lastKnownFileType = sourcecode.swift; path = EmptyResultVC.swift; sourceTree = "<group>"; };
		10916AD020834F770081888C /* SearchResultVC.swift */ = {isa = PBXFileReference; lastKnownFileType = sourcecode.swift; path = SearchResultVC.swift; sourceTree = "<group>"; };
		10916AD220834FD10081888C /* SearchResultViewModel.swift */ = {isa = PBXFileReference; lastKnownFileType = sourcecode.swift; path = SearchResultViewModel.swift; sourceTree = "<group>"; };
		10916AD5208350120081888C /* EmptyResultVC.storyboard */ = {isa = PBXFileReference; lastKnownFileType = file.storyboard; path = EmptyResultVC.storyboard; sourceTree = "<group>"; };
		10916AD72083502D0081888C /* SearchResultVC.storyboard */ = {isa = PBXFileReference; lastKnownFileType = file.storyboard; path = SearchResultVC.storyboard; sourceTree = "<group>"; };
		10A55B9B2079DF8D00C8E8C8 /* iTunesSearchResponse.swift */ = {isa = PBXFileReference; fileEncoding = 4; lastKnownFileType = sourcecode.swift; path = iTunesSearchResponse.swift; sourceTree = "<group>"; };
		10A55B9E2079E2D600C8E8C8 /* iTunesResponse.json */ = {isa = PBXFileReference; lastKnownFileType = text.json; path = iTunesResponse.json; sourceTree = "<group>"; };
		10A55BA22079E42A00C8E8C8 /* XCTest+Utils.swift */ = {isa = PBXFileReference; lastKnownFileType = sourcecode.swift; path = "XCTest+Utils.swift"; sourceTree = "<group>"; };
		10A55BA62079EE4100C8E8C8 /* APIKit.framework */ = {isa = PBXFileReference; lastKnownFileType = wrapper.framework; name = APIKit.framework; path = Carthage/Build/iOS/APIKit.framework; sourceTree = "<group>"; };
		10A55BA72079EE4100C8E8C8 /* Result.framework */ = {isa = PBXFileReference; lastKnownFileType = wrapper.framework; name = Result.framework; path = Carthage/Build/iOS/Result.framework; sourceTree = "<group>"; };
		10A55BAC2079EF6500C8E8C8 /* DecodableDataParser.swift */ = {isa = PBXFileReference; lastKnownFileType = sourcecode.swift; path = DecodableDataParser.swift; sourceTree = "<group>"; };
		10A55BAE2079F03F00C8E8C8 /* iTunesSearchRequest.swift */ = {isa = PBXFileReference; lastKnownFileType = sourcecode.swift; path = iTunesSearchRequest.swift; sourceTree = "<group>"; };
		10A55BB02079F14500C8E8C8 /* iTunesSearchAPI.swift */ = {isa = PBXFileReference; lastKnownFileType = sourcecode.swift; path = iTunesSearchAPI.swift; sourceTree = "<group>"; };
		10A55BB22079F2F200C8E8C8 /* iTunesSearchAPITests.swift */ = {isa = PBXFileReference; lastKnownFileType = sourcecode.swift; path = iTunesSearchAPITests.swift; sourceTree = "<group>"; };
		10A55BB72079FFCD00C8E8C8 /* iTunesSearchAPIClient.swift */ = {isa = PBXFileReference; lastKnownFileType = sourcecode.swift; path = iTunesSearchAPIClient.swift; sourceTree = "<group>"; };
		10A55BB9207A037B00C8E8C8 /* iTunesSearchAPIClientTests.swift */ = {isa = PBXFileReference; lastKnownFileType = sourcecode.swift; path = iTunesSearchAPIClientTests.swift; sourceTree = "<group>"; };
		10A55BBB207A099A00C8E8C8 /* Reachability.framework */ = {isa = PBXFileReference; lastKnownFileType = wrapper.framework; name = Reachability.framework; path = Carthage/Build/iOS/Reachability.framework; sourceTree = "<group>"; };
		10A55BBE207A0A6300C8E8C8 /* NetworkUtil.swift */ = {isa = PBXFileReference; lastKnownFileType = sourcecode.swift; path = NetworkUtil.swift; sourceTree = "<group>"; };
		10A55BC0207A0A9000C8E8C8 /* NetworkUtilTests.swift */ = {isa = PBXFileReference; lastKnownFileType = sourcecode.swift; path = NetworkUtilTests.swift; sourceTree = "<group>"; };
		10A55BC2207A0EF900C8E8C8 /* ConnectionError.swift */ = {isa = PBXFileReference; lastKnownFileType = sourcecode.swift; path = ConnectionError.swift; sourceTree = "<group>"; };
		10AE65DC2082751E0072DF6C /* RepositoryTool.framework */ = {isa = PBXFileReference; lastKnownFileType = wrapper.framework; name = RepositoryTool.framework; path = Carthage/Build/iOS/RepositoryTool.framework; sourceTree = "<group>"; };
		10AE65DE208278060072DF6C /* ArtworkRepository.swift */ = {isa = PBXFileReference; lastKnownFileType = sourcecode.swift; path = ArtworkRepository.swift; sourceTree = "<group>"; };
		10AE65E020827B140072DF6C /* Artwork.swift */ = {isa = PBXFileReference; lastKnownFileType = sourcecode.swift; path = Artwork.swift; sourceTree = "<group>"; };
		10B269F7208298D600142AF8 /* DependencyInjectionable.swift */ = {isa = PBXFileReference; lastKnownFileType = sourcecode.swift; path = DependencyInjectionable.swift; sourceTree = "<group>"; };
		10B269FD2082ED5D00142AF8 /* ArtworkRepositoryTests.swift */ = {isa = PBXFileReference; lastKnownFileType = sourcecode.swift; path = ArtworkRepositoryTests.swift; sourceTree = "<group>"; };
		10D4137A207A44F1004977AB /* ArtworkClient.swift */ = {isa = PBXFileReference; lastKnownFileType = sourcecode.swift; path = ArtworkClient.swift; sourceTree = "<group>"; };
		10D4137C207A460B004977AB /* RequestError.swift */ = {isa = PBXFileReference; lastKnownFileType = sourcecode.swift; path = RequestError.swift; sourceTree = "<group>"; };
		10D4137E207A47A0004977AB /* ArtworkResponseError.swift */ = {isa = PBXFileReference; lastKnownFileType = sourcecode.swift; path = ArtworkResponseError.swift; sourceTree = "<group>"; };
		10D41380207A4A04004977AB /* ArtworkClientTests.swift */ = {isa = PBXFileReference; lastKnownFileType = sourcecode.swift; path = ArtworkClientTests.swift; sourceTree = "<group>"; };
/* End PBXFileReference section */

/* Begin PBXFrameworksBuildPhase section */
		1061B50820641362006B75E6 /* Frameworks */ = {
			isa = PBXFrameworksBuildPhase;
			buildActionMask = 2147483647;
			files = (
				1050CAB5207A66B300F5B554 /* Realm.framework in Frameworks */,
				1050CAB6207A66B300F5B554 /* RealmSwift.framework in Frameworks */,
				10A55BBC207A099A00C8E8C8 /* Reachability.framework in Frameworks */,
				10A55BA82079EE4100C8E8C8 /* APIKit.framework in Frameworks */,
				10A55BA92079EE4100C8E8C8 /* Result.framework in Frameworks */,
			);
			runOnlyForDeploymentPostprocessing = 0;
		};
		1061B51C20641363006B75E6 /* Frameworks */ = {
			isa = PBXFrameworksBuildPhase;
			buildActionMask = 2147483647;
			files = (
				10A55BBD207A09DE00C8E8C8 /* Reachability.framework in Frameworks */,
				10A55BB42079F36900C8E8C8 /* APIKit.framework in Frameworks */,
				10A55BB52079F36900C8E8C8 /* Result.framework in Frameworks */,
			);
			runOnlyForDeploymentPostprocessing = 0;
		};
/* End PBXFrameworksBuildPhase section */

/* Begin PBXGroup section */
		1050CAB7207A66ED00F5B554 /* Realm */ = {
			isa = PBXGroup;
			children = (
				1050CAB8207A673800F5B554 /* RealmDaoHelper.swift */,
				1050CABA207A67F800F5B554 /* ArtworkDto.swift */,
				1050CABC207A68BC00F5B554 /* ArtworkDao.swift */,
			);
			name = Realm;
			sourceTree = "<group>";
		};
		1061B50220641362006B75E6 = {
			isa = PBXGroup;
			children = (
				1061B52E206413D9006B75E6 /* Documents */,
				1061B50D20641363006B75E6 /* ios-itunes-search-app */,
				1061B52220641363006B75E6 /* ios-itunes-search-appTests */,
				1061B50C20641363006B75E6 /* Products */,
				10A55BA52079EE4000C8E8C8 /* Frameworks */,
			);
			sourceTree = "<group>";
		};
		1061B50C20641363006B75E6 /* Products */ = {
			isa = PBXGroup;
			children = (
				1061B50B20641363006B75E6 /* ios-itunes-search-app.app */,
				1061B51F20641363006B75E6 /* ios-itunes-search-appTests.xctest */,
			);
			name = Products;
			sourceTree = "<group>";
		};
		1061B50D20641363006B75E6 /* ios-itunes-search-app */ = {
			isa = PBXGroup;
			children = (
				1061B50E20641363006B75E6 /* AppDelegate.swift */,
				10A55B9A2079DF5300C8E8C8 /* Model */,
				10A55B992079DF3500C8E8C8 /* View・VC */,
				10A55B982079DF0400C8E8C8 /* Support Files */,
				10916AD420834FD90081888C /* ViewModel */,
			);
			path = "ios-itunes-search-app";
			sourceTree = "<group>";
		};
		1061B52220641363006B75E6 /* ios-itunes-search-appTests */ = {
			isa = PBXGroup;
			children = (
				10A55B9D2079E27800C8E8C8 /* Resources */,
				10A55BA12079E3C600C8E8C8 /* Support Files */,
				1061B52320641363006B75E6 /* iTunesSearchResultTests.swift */,
				1011B7DB2083192B00AAE928 /* iTunesRepositoryTests.swift */,
				10A55BB22079F2F200C8E8C8 /* iTunesSearchAPITests.swift */,
				10A55BB9207A037B00C8E8C8 /* iTunesSearchAPIClientTests.swift */,
				10A55BC0207A0A9000C8E8C8 /* NetworkUtilTests.swift */,
				10D41380207A4A04004977AB /* ArtworkClientTests.swift */,
				10457EAD2082420100E938BD /* ArtworkDtoTests.swift */,
				10457EAF208243CB00E938BD /* ArtworkDaoTests.swift */,
				10B269FD2082ED5D00142AF8 /* ArtworkRepositoryTests.swift */,
			);
			path = "ios-itunes-search-appTests";
			sourceTree = "<group>";
		};
		1061B52E206413D9006B75E6 /* Documents */ = {
			isa = PBXGroup;
			children = (
				1061B52F2064140A006B75E6 /* README.md */,
				1061B53020641441006B75E6 /* APIRequest&Response.md */,
			);
			path = Documents;
			sourceTree = "<group>";
		};
		10916AD420834FD90081888C /* ViewModel */ = {
			isa = PBXGroup;
			children = (
				10916AD220834FD10081888C /* SearchResultViewModel.swift */,
			);
			name = ViewModel;
			sourceTree = "<group>";
		};
		10916AD92083706B0081888C /* RootVC */ = {
			isa = PBXGroup;
			children = (
				1061B51020641363006B75E6 /* RootVC.swift */,
				1061B51220641363006B75E6 /* Main.storyboard */,
				108FA9AB208386D20054C9D3 /* Rooting.swift */,
			);
			name = RootVC;
			sourceTree = "<group>";
		};
		10916ADA208370760081888C /* EmptyVC */ = {
			isa = PBXGroup;
			children = (
				10916ACE20834F460081888C /* EmptyResultVC.swift */,
				10916AD5208350120081888C /* EmptyResultVC.storyboard */,
			);
			name = EmptyVC;
			sourceTree = "<group>";
		};
		10916ADB208370850081888C /* SearchResultVC */ = {
			isa = PBXGroup;
			children = (
				10916AD020834F770081888C /* SearchResultVC.swift */,
				10916AD72083502D0081888C /* SearchResultVC.storyboard */,
				10916ACC208335FD0081888C /* ITunesCell.swift */,
			);
			name = SearchResultVC;
			sourceTree = "<group>";
		};
		10916ADC208370C30081888C /* iTunesRepository */ = {
			isa = PBXGroup;
			children = (
				10A55B9B2079DF8D00C8E8C8 /* iTunesSearchResponse.swift */,
				10A55BB72079FFCD00C8E8C8 /* iTunesSearchAPIClient.swift */,
				1011B7D92083121B00AAE928 /* iTunesRepository.swift */,
			);
			name = iTunesRepository;
			sourceTree = "<group>";
		};
		10916ADD208370D90081888C /* ArtworkRepository */ = {
			isa = PBXGroup;
			children = (
				10AE65E020827B140072DF6C /* Artwork.swift */,
				10D4137A207A44F1004977AB /* ArtworkClient.swift */,
				10AE65DE208278060072DF6C /* ArtworkRepository.swift */,
			);
			name = ArtworkRepository;
			sourceTree = "<group>";
		};
		10916ADE208370F20081888C /* Others */ = {
			isa = PBXGroup;
			children = (
				10A55BBE207A0A6300C8E8C8 /* NetworkUtil.swift */,
				10B269F7208298D600142AF8 /* DependencyInjectionable.swift */,
			);
			name = Others;
			sourceTree = "<group>";
		};
		10A55B982079DF0400C8E8C8 /* Support Files */ = {
			isa = PBXGroup;
			children = (
				1061B51520641363006B75E6 /* Assets.xcassets */,
				1061B51A20641363006B75E6 /* Info.plist */,
				1061B51720641363006B75E6 /* LaunchScreen.storyboard */,
				108FA9B120839F860054C9D3 /* Constants.swift */,
				108FA9B32083A5600054C9D3 /* NSObject+Util.swift */,
			);
			name = "Support Files";
			sourceTree = "<group>";
		};
		10A55B992079DF3500C8E8C8 /* View・VC */ = {
			isa = PBXGroup;
			children = (
				10916AD92083706B0081888C /* RootVC */,
				10916ADA208370760081888C /* EmptyVC */,
				10916ADB208370850081888C /* SearchResultVC */,
				108FA9A920837EAE0054C9D3 /* VC+Util.swift */,
			);
			name = "View・VC";
			sourceTree = "<group>";
		};
		10A55B9A2079DF5300C8E8C8 /* Model */ = {
			isa = PBXGroup;
			children = (
				1050CAB7207A66ED00F5B554 /* Realm */,
				10D41382207A5145004977AB /* Error */,
				10A55BAB2079EEDC00C8E8C8 /* APIKit */,
				10916ADC208370C30081888C /* iTunesRepository */,
				10916ADD208370D90081888C /* ArtworkRepository */,
				10916ADE208370F20081888C /* Others */,
			);
			name = Model;
			sourceTree = "<group>";
		};
		10A55B9D2079E27800C8E8C8 /* Resources */ = {
			isa = PBXGroup;
			children = (
				1061B52520641363006B75E6 /* Info.plist */,
				10A55B9E2079E2D600C8E8C8 /* iTunesResponse.json */,
			);
			name = Resources;
			sourceTree = "<group>";
		};
		10A55BA12079E3C600C8E8C8 /* Support Files */ = {
			isa = PBXGroup;
			children = (
				10457EB62082512500E938BD /* snow.jpg */,
				10457EB3208250F600E938BD /* spareribs.jpg */,
				10A55BA22079E42A00C8E8C8 /* XCTest+Utils.swift */,
			);
			name = "Support Files";
			sourceTree = "<group>";
		};
		10A55BA52079EE4000C8E8C8 /* Frameworks */ = {
			isa = PBXGroup;
			children = (
				10AE65DC2082751E0072DF6C /* RepositoryTool.framework */,
				1050CAB3207A66B200F5B554 /* Realm.framework */,
				1050CAB4207A66B300F5B554 /* RealmSwift.framework */,
				10A55BBB207A099A00C8E8C8 /* Reachability.framework */,
				10A55BA62079EE4100C8E8C8 /* APIKit.framework */,
				10A55BA72079EE4100C8E8C8 /* Result.framework */,
			);
			name = Frameworks;
			sourceTree = "<group>";
		};
		10A55BAB2079EEDC00C8E8C8 /* APIKit */ = {
			isa = PBXGroup;
			children = (
				10A55BAC2079EF6500C8E8C8 /* DecodableDataParser.swift */,
				10A55BAE2079F03F00C8E8C8 /* iTunesSearchRequest.swift */,
				10A55BB02079F14500C8E8C8 /* iTunesSearchAPI.swift */,
			);
			name = APIKit;
			sourceTree = "<group>";
		};
		10D41382207A5145004977AB /* Error */ = {
			isa = PBXGroup;
			children = (
				10D4137C207A460B004977AB /* RequestError.swift */,
				10A55BC2207A0EF900C8E8C8 /* ConnectionError.swift */,
				10D4137E207A47A0004977AB /* ArtworkResponseError.swift */,
			);
			name = Error;
			sourceTree = "<group>";
		};
/* End PBXGroup section */

/* Begin PBXNativeTarget section */
		1061B50A20641362006B75E6 /* ios-itunes-search-app */ = {
			isa = PBXNativeTarget;
			buildConfigurationList = 1061B52820641363006B75E6 /* Build configuration list for PBXNativeTarget "ios-itunes-search-app" */;
			buildPhases = (
				1061B50720641362006B75E6 /* Sources */,
				1061B50820641362006B75E6 /* Frameworks */,
				1061B50920641362006B75E6 /* Resources */,
				10A55BAA2079EE5200C8E8C8 /* ShellScript */,
			);
			buildRules = (
			);
			dependencies = (
			);
			name = "ios-itunes-search-app";
			productName = "ios-itunes-search-app";
			productReference = 1061B50B20641363006B75E6 /* ios-itunes-search-app.app */;
			productType = "com.apple.product-type.application";
		};
		1061B51E20641363006B75E6 /* ios-itunes-search-appTests */ = {
			isa = PBXNativeTarget;
			buildConfigurationList = 1061B52B20641363006B75E6 /* Build configuration list for PBXNativeTarget "ios-itunes-search-appTests" */;
			buildPhases = (
				1061B51B20641363006B75E6 /* Sources */,
				1061B51C20641363006B75E6 /* Frameworks */,
				1061B51D20641363006B75E6 /* Resources */,
				10A55BB62079F37500C8E8C8 /* ShellScript */,
			);
			buildRules = (
			);
			dependencies = (
				1061B52120641363006B75E6 /* PBXTargetDependency */,
			);
			name = "ios-itunes-search-appTests";
			productName = "ios-itunes-search-appTests";
			productReference = 1061B51F20641363006B75E6 /* ios-itunes-search-appTests.xctest */;
			productType = "com.apple.product-type.bundle.unit-test";
		};
/* End PBXNativeTarget section */

/* Begin PBXProject section */
		1061B50320641362006B75E6 /* Project object */ = {
			isa = PBXProject;
			attributes = {
				LastSwiftUpdateCheck = 0920;
				LastUpgradeCheck = 0920;
				ORGANIZATIONNAME = "sunday carpenter";
				TargetAttributes = {
					1061B50A20641362006B75E6 = {
						CreatedOnToolsVersion = 9.2;
						ProvisioningStyle = Automatic;
					};
					1061B51E20641363006B75E6 = {
						CreatedOnToolsVersion = 9.2;
						ProvisioningStyle = Automatic;
						TestTargetID = 1061B50A20641362006B75E6;
					};
				};
			};
			buildConfigurationList = 1061B50620641362006B75E6 /* Build configuration list for PBXProject "ios-itunes-search-app" */;
			compatibilityVersion = "Xcode 8.0";
			developmentRegion = en;
			hasScannedForEncodings = 0;
			knownRegions = (
				en,
				Base,
			);
			mainGroup = 1061B50220641362006B75E6;
			productRefGroup = 1061B50C20641363006B75E6 /* Products */;
			projectDirPath = "";
			projectRoot = "";
			targets = (
				1061B50A20641362006B75E6 /* ios-itunes-search-app */,
				1061B51E20641363006B75E6 /* ios-itunes-search-appTests */,
			);
		};
/* End PBXProject section */

/* Begin PBXResourcesBuildPhase section */
		1061B50920641362006B75E6 /* Resources */ = {
			isa = PBXResourcesBuildPhase;
			buildActionMask = 2147483647;
			files = (
				1061B51920641363006B75E6 /* LaunchScreen.storyboard in Resources */,
				10457EB4208250F600E938BD /* spareribs.jpg in Resources */,
				1061B51620641363006B75E6 /* Assets.xcassets in Resources */,
				10A55B9F2079E2D600C8E8C8 /* iTunesResponse.json in Resources */,
				10457EB72082512500E938BD /* snow.jpg in Resources */,
				1061B51420641363006B75E6 /* Main.storyboard in Resources */,
				10916AD82083502D0081888C /* SearchResultVC.storyboard in Resources */,
				10916AD6208350120081888C /* EmptyResultVC.storyboard in Resources */,
			);
			runOnlyForDeploymentPostprocessing = 0;
		};
		1061B51D20641363006B75E6 /* Resources */ = {
			isa = PBXResourcesBuildPhase;
			buildActionMask = 2147483647;
			files = (
				10A55BA02079E2D600C8E8C8 /* iTunesResponse.json in Resources */,
				10457EB82082512500E938BD /* snow.jpg in Resources */,
				10457EB5208250F600E938BD /* spareribs.jpg in Resources */,
			);
			runOnlyForDeploymentPostprocessing = 0;
		};
/* End PBXResourcesBuildPhase section */

/* Begin PBXShellScriptBuildPhase section */
		10A55BAA2079EE5200C8E8C8 /* ShellScript */ = {
			isa = PBXShellScriptBuildPhase;
			buildActionMask = 2147483647;
			files = (
			);
			inputPaths = (
				"$(SRCROOT)/Carthage/Build/iOS/Result.framework",
				"$(SRCROOT)/Carthage/Build/iOS/APIKit.framework",
				"$(SRCROOT)/Carthage/Build/iOS/Reachability.framework",
				"$(SRCROOT)/Carthage/Build/iOS/Realm.framework",
				"$(SRCROOT)/Carthage/Build/iOS/RealmSwift.framework",
			);
			outputPaths = (
				"$(BUILT_PRODUCTS_DIR)/$(FRAMEWORKS_FOLDER_PATH)/Result.framework",
				"$(BUILT_PRODUCTS_DIR)/$(FRAMEWORKS_FOLDER_PATH)/APIKit.framework",
				"$(BUILT_PRODUCTS_DIR)/$(FRAMEWORKS_FOLDER_PATH)/Reachability.framework",
				"$(BUILT_PRODUCTS_DIR)/$(FRAMEWORKS_FOLDER_PATH)/Realm.framework",
				"$(BUILT_PRODUCTS_DIR)/$(FRAMEWORKS_FOLDER_PATH)/RealmSwift.framework",
			);
			runOnlyForDeploymentPostprocessing = 0;
			shellPath = /bin/sh;
			shellScript = "/usr/local/bin/carthage copy-frameworks";
		};
		10A55BB62079F37500C8E8C8 /* ShellScript */ = {
			isa = PBXShellScriptBuildPhase;
			buildActionMask = 2147483647;
			files = (
			);
			inputPaths = (
				"$(SRCROOT)/Carthage/Build/iOS/Result.framework",
				"$(SRCROOT)/Carthage/Build/iOS/APIKit.framework",
				"$(SRCROOT)/Carthage/Build/iOS/Reachability.framework",
				"$(SRCROOT)/Carthage/Build/iOS/Realm.framework",
				"$(SRCROOT)/Carthage/Build/iOS/RealmSwift.framework",
			);
			outputPaths = (
				"$(BUILT_PRODUCTS_DIR)/$(FRAMEWORKS_FOLDER_PATH)/Result.framework",
				"$(BUILT_PRODUCTS_DIR)/$(FRAMEWORKS_FOLDER_PATH)/APIKit.framework",
				"$(BUILT_PRODUCTS_DIR)/$(FRAMEWORKS_FOLDER_PATH)/Reachability.framework",
				"$(BUILT_PRODUCTS_DIR)/$(FRAMEWORKS_FOLDER_PATH)/Realm.framework",
				"$(BUILT_PRODUCTS_DIR)/$(FRAMEWORKS_FOLDER_PATH)/RealmSwift.framework",
			);
			runOnlyForDeploymentPostprocessing = 0;
			shellPath = /bin/sh;
			shellScript = "/usr/local/bin/carthage copy-frameworks";
		};
/* End PBXShellScriptBuildPhase section */

/* Begin PBXSourcesBuildPhase section */
		1061B50720641362006B75E6 /* Sources */ = {
			isa = PBXSourcesBuildPhase;
			buildActionMask = 2147483647;
			files = (
				10B269F8208298D600142AF8 /* DependencyInjectionable.swift in Sources */,
				10A55BC3207A0EF900C8E8C8 /* ConnectionError.swift in Sources */,
				108FA9AA20837EAE0054C9D3 /* VC+Util.swift in Sources */,
				10D4137B207A44F2004977AB /* ArtworkClient.swift in Sources */,
				10A55BAF2079F03F00C8E8C8 /* iTunesSearchRequest.swift in Sources */,
				10D4137F207A47A0004977AB /* ArtworkResponseError.swift in Sources */,
				10916AD120834F770081888C /* SearchResultVC.swift in Sources */,
				108FA9B220839F860054C9D3 /* Constants.swift in Sources */,
				10D4137D207A460B004977AB /* RequestError.swift in Sources */,
				10AE65DF208278060072DF6C /* ArtworkRepository.swift in Sources */,
				10916ACD208335FD0081888C /* ITunesCell.swift in Sources */,
				1061B51120641363006B75E6 /* RootVC.swift in Sources */,
				10A55BB12079F14500C8E8C8 /* iTunesSearchAPI.swift in Sources */,
				10AE65E120827B140072DF6C /* Artwork.swift in Sources */,
				10916AD320834FD10081888C /* SearchResultViewModel.swift in Sources */,
				1050CAB9207A673800F5B554 /* RealmDaoHelper.swift in Sources */,
				108FA9B42083A5600054C9D3 /* NSObject+Util.swift in Sources */,
				1050CABB207A67F800F5B554 /* ArtworkDto.swift in Sources */,
				10A55B9C2079DF8D00C8E8C8 /* iTunesSearchResponse.swift in Sources */,
				10916ACF20834F460081888C /* EmptyResultVC.swift in Sources */,
				10A55BBF207A0A6300C8E8C8 /* NetworkUtil.swift in Sources */,
				1050CABD207A68BC00F5B554 /* ArtworkDao.swift in Sources */,
				1011B7DA2083121B00AAE928 /* iTunesRepository.swift in Sources */,
				108FA9AC208386D20054C9D3 /* Rooting.swift in Sources */,
				10A55BB82079FFCD00C8E8C8 /* iTunesSearchAPIClient.swift in Sources */,
				10A55BAD2079EF6500C8E8C8 /* DecodableDataParser.swift in Sources */,
				1061B50F20641363006B75E6 /* AppDelegate.swift in Sources */,
			);
			runOnlyForDeploymentPostprocessing = 0;
		};
		1061B51B20641363006B75E6 /* Sources */ = {
			isa = PBXSourcesBuildPhase;
			buildActionMask = 2147483647;
			files = (
				10A55BB32079F2F200C8E8C8 /* iTunesSearchAPITests.swift in Sources */,
				10457EB0208243CB00E938BD /* ArtworkDaoTests.swift in Sources */,
				10A55BA42079E42A00C8E8C8 /* XCTest+Utils.swift in Sources */,
				10A55BC1207A0A9000C8E8C8 /* NetworkUtilTests.swift in Sources */,
				10457EAE2082420100E938BD /* ArtworkDtoTests.swift in Sources */,
				1011B7DC2083192B00AAE928 /* iTunesRepositoryTests.swift in Sources */,
				10B269FE2082ED5D00142AF8 /* ArtworkRepositoryTests.swift in Sources */,
				10D41381207A4A04004977AB /* ArtworkClientTests.swift in Sources */,
				10A55BBA207A037B00C8E8C8 /* iTunesSearchAPIClientTests.swift in Sources */,
				1061B52420641363006B75E6 /* iTunesSearchResultTests.swift in Sources */,
			);
			runOnlyForDeploymentPostprocessing = 0;
		};
/* End PBXSourcesBuildPhase section */

/* Begin PBXTargetDependency section */
		1061B52120641363006B75E6 /* PBXTargetDependency */ = {
			isa = PBXTargetDependency;
			target = 1061B50A20641362006B75E6 /* ios-itunes-search-app */;
			targetProxy = 1061B52020641363006B75E6 /* PBXContainerItemProxy */;
		};
/* End PBXTargetDependency section */

/* Begin PBXVariantGroup section */
		1061B51220641363006B75E6 /* Main.storyboard */ = {
			isa = PBXVariantGroup;
			children = (
				1061B51320641363006B75E6 /* Base */,
			);
			name = Main.storyboard;
			sourceTree = "<group>";
		};
		1061B51720641363006B75E6 /* LaunchScreen.storyboard */ = {
			isa = PBXVariantGroup;
			children = (
				1061B51820641363006B75E6 /* Base */,
			);
			name = LaunchScreen.storyboard;
			sourceTree = "<group>";
		};
/* End PBXVariantGroup section */

/* Begin XCBuildConfiguration section */
		1061B52620641363006B75E6 /* Debug */ = {
			isa = XCBuildConfiguration;
			buildSettings = {
				ALWAYS_SEARCH_USER_PATHS = NO;
				CLANG_ANALYZER_NONNULL = YES;
				CLANG_ANALYZER_NUMBER_OBJECT_CONVERSION = YES_AGGRESSIVE;
				CLANG_CXX_LANGUAGE_STANDARD = "gnu++14";
				CLANG_CXX_LIBRARY = "libc++";
				CLANG_ENABLE_MODULES = YES;
				CLANG_ENABLE_OBJC_ARC = YES;
				CLANG_WARN_BLOCK_CAPTURE_AUTORELEASING = YES;
				CLANG_WARN_BOOL_CONVERSION = YES;
				CLANG_WARN_COMMA = YES;
				CLANG_WARN_CONSTANT_CONVERSION = YES;
				CLANG_WARN_DIRECT_OBJC_ISA_USAGE = YES_ERROR;
				CLANG_WARN_DOCUMENTATION_COMMENTS = YES;
				CLANG_WARN_EMPTY_BODY = YES;
				CLANG_WARN_ENUM_CONVERSION = YES;
				CLANG_WARN_INFINITE_RECURSION = YES;
				CLANG_WARN_INT_CONVERSION = YES;
				CLANG_WARN_NON_LITERAL_NULL_CONVERSION = YES;
				CLANG_WARN_OBJC_LITERAL_CONVERSION = YES;
				CLANG_WARN_OBJC_ROOT_CLASS = YES_ERROR;
				CLANG_WARN_RANGE_LOOP_ANALYSIS = YES;
				CLANG_WARN_STRICT_PROTOTYPES = YES;
				CLANG_WARN_SUSPICIOUS_MOVE = YES;
				CLANG_WARN_UNGUARDED_AVAILABILITY = YES_AGGRESSIVE;
				CLANG_WARN_UNREACHABLE_CODE = YES;
				CLANG_WARN__DUPLICATE_METHOD_MATCH = YES;
				CODE_SIGN_IDENTITY = "iPhone Developer";
				COPY_PHASE_STRIP = NO;
				DEBUG_INFORMATION_FORMAT = dwarf;
				ENABLE_STRICT_OBJC_MSGSEND = YES;
				ENABLE_TESTABILITY = YES;
				GCC_C_LANGUAGE_STANDARD = gnu11;
				GCC_DYNAMIC_NO_PIC = NO;
				GCC_NO_COMMON_BLOCKS = YES;
				GCC_OPTIMIZATION_LEVEL = 0;
				GCC_PREPROCESSOR_DEFINITIONS = (
					"DEBUG=1",
					"$(inherited)",
				);
				GCC_WARN_64_TO_32_BIT_CONVERSION = YES;
				GCC_WARN_ABOUT_RETURN_TYPE = YES_ERROR;
				GCC_WARN_UNDECLARED_SELECTOR = YES;
				GCC_WARN_UNINITIALIZED_AUTOS = YES_AGGRESSIVE;
				GCC_WARN_UNUSED_FUNCTION = YES;
				GCC_WARN_UNUSED_VARIABLE = YES;
				IPHONEOS_DEPLOYMENT_TARGET = 11.2;
				MTL_ENABLE_DEBUG_INFO = YES;
				ONLY_ACTIVE_ARCH = YES;
				SDKROOT = iphoneos;
				SWIFT_ACTIVE_COMPILATION_CONDITIONS = DEBUG;
				SWIFT_OPTIMIZATION_LEVEL = "-Onone";
			};
			name = Debug;
		};
		1061B52720641363006B75E6 /* Release */ = {
			isa = XCBuildConfiguration;
			buildSettings = {
				ALWAYS_SEARCH_USER_PATHS = NO;
				CLANG_ANALYZER_NONNULL = YES;
				CLANG_ANALYZER_NUMBER_OBJECT_CONVERSION = YES_AGGRESSIVE;
				CLANG_CXX_LANGUAGE_STANDARD = "gnu++14";
				CLANG_CXX_LIBRARY = "libc++";
				CLANG_ENABLE_MODULES = YES;
				CLANG_ENABLE_OBJC_ARC = YES;
				CLANG_WARN_BLOCK_CAPTURE_AUTORELEASING = YES;
				CLANG_WARN_BOOL_CONVERSION = YES;
				CLANG_WARN_COMMA = YES;
				CLANG_WARN_CONSTANT_CONVERSION = YES;
				CLANG_WARN_DIRECT_OBJC_ISA_USAGE = YES_ERROR;
				CLANG_WARN_DOCUMENTATION_COMMENTS = YES;
				CLANG_WARN_EMPTY_BODY = YES;
				CLANG_WARN_ENUM_CONVERSION = YES;
				CLANG_WARN_INFINITE_RECURSION = YES;
				CLANG_WARN_INT_CONVERSION = YES;
				CLANG_WARN_NON_LITERAL_NULL_CONVERSION = YES;
				CLANG_WARN_OBJC_LITERAL_CONVERSION = YES;
				CLANG_WARN_OBJC_ROOT_CLASS = YES_ERROR;
				CLANG_WARN_RANGE_LOOP_ANALYSIS = YES;
				CLANG_WARN_STRICT_PROTOTYPES = YES;
				CLANG_WARN_SUSPICIOUS_MOVE = YES;
				CLANG_WARN_UNGUARDED_AVAILABILITY = YES_AGGRESSIVE;
				CLANG_WARN_UNREACHABLE_CODE = YES;
				CLANG_WARN__DUPLICATE_METHOD_MATCH = YES;
				CODE_SIGN_IDENTITY = "iPhone Developer";
				COPY_PHASE_STRIP = NO;
				DEBUG_INFORMATION_FORMAT = "dwarf-with-dsym";
				ENABLE_NS_ASSERTIONS = NO;
				ENABLE_STRICT_OBJC_MSGSEND = YES;
				GCC_C_LANGUAGE_STANDARD = gnu11;
				GCC_NO_COMMON_BLOCKS = YES;
				GCC_WARN_64_TO_32_BIT_CONVERSION = YES;
				GCC_WARN_ABOUT_RETURN_TYPE = YES_ERROR;
				GCC_WARN_UNDECLARED_SELECTOR = YES;
				GCC_WARN_UNINITIALIZED_AUTOS = YES_AGGRESSIVE;
				GCC_WARN_UNUSED_FUNCTION = YES;
				GCC_WARN_UNUSED_VARIABLE = YES;
				IPHONEOS_DEPLOYMENT_TARGET = 11.2;
				MTL_ENABLE_DEBUG_INFO = NO;
				SDKROOT = iphoneos;
				SWIFT_OPTIMIZATION_LEVEL = "-Owholemodule";
				VALIDATE_PRODUCT = YES;
			};
			name = Release;
		};
		1061B52920641363006B75E6 /* Debug */ = {
			isa = XCBuildConfiguration;
			buildSettings = {
				ASSETCATALOG_COMPILER_APPICON_NAME = AppIcon;
				CODE_SIGN_STYLE = Automatic;
				DEVELOPMENT_TEAM = 469GT6P4NA;
				FRAMEWORK_SEARCH_PATHS = (
					"$(inherited)",
					"$(PROJECT_DIR)/Carthage/Build/iOS",
				);
				INFOPLIST_FILE = "ios-itunes-search-app/Info.plist";
				LD_RUNPATH_SEARCH_PATHS = "$(inherited) @executable_path/Frameworks";
				PRODUCT_BUNDLE_IDENTIFIER = "jp.co.sundaycarpenter.ios-itunes-search-app";
				PRODUCT_NAME = "$(TARGET_NAME)";
				SWIFT_VERSION = 4.0;
				TARGETED_DEVICE_FAMILY = "1,2";
			};
			name = Debug;
		};
		1061B52A20641363006B75E6 /* Release */ = {
			isa = XCBuildConfiguration;
			buildSettings = {
				ASSETCATALOG_COMPILER_APPICON_NAME = AppIcon;
				CODE_SIGN_STYLE = Automatic;
				DEVELOPMENT_TEAM = 469GT6P4NA;
				FRAMEWORK_SEARCH_PATHS = (
					"$(inherited)",
					"$(PROJECT_DIR)/Carthage/Build/iOS",
				);
				INFOPLIST_FILE = "ios-itunes-search-app/Info.plist";
				LD_RUNPATH_SEARCH_PATHS = "$(inherited) @executable_path/Frameworks";
				PRODUCT_BUNDLE_IDENTIFIER = "jp.co.sundaycarpenter.ios-itunes-search-app";
				PRODUCT_NAME = "$(TARGET_NAME)";
				SWIFT_VERSION = 4.0;
				TARGETED_DEVICE_FAMILY = "1,2";
			};
			name = Release;
		};
		1061B52C20641363006B75E6 /* Debug */ = {
			isa = XCBuildConfiguration;
			buildSettings = {
				ALWAYS_EMBED_SWIFT_STANDARD_LIBRARIES = YES;
				BUNDLE_LOADER = "$(TEST_HOST)";
				CODE_SIGN_STYLE = Automatic;
				DEVELOPMENT_TEAM = 469GT6P4NA;
				FRAMEWORK_SEARCH_PATHS = (
					"$(inherited)",
					"$(PROJECT_DIR)/Carthage/Build/iOS",
				);
				INFOPLIST_FILE = "ios-itunes-search-appTests/Info.plist";
				LD_RUNPATH_SEARCH_PATHS = "$(inherited) @executable_path/Frameworks @loader_path/Frameworks";
				PRODUCT_BUNDLE_IDENTIFIER = "jp.co.sundaycarpenter.ios-itunes-search-appTests";
				PRODUCT_NAME = "$(TARGET_NAME)";
				SWIFT_VERSION = 4.0;
				TARGETED_DEVICE_FAMILY = "1,2";
				TEST_HOST = "$(BUILT_PRODUCTS_DIR)/ios-itunes-search-app.app/ios-itunes-search-app";
			};
			name = Debug;
		};
		1061B52D20641363006B75E6 /* Release */ = {
			isa = XCBuildConfiguration;
			buildSettings = {
				ALWAYS_EMBED_SWIFT_STANDARD_LIBRARIES = YES;
				BUNDLE_LOADER = "$(TEST_HOST)";
				CODE_SIGN_STYLE = Automatic;
				DEVELOPMENT_TEAM = 469GT6P4NA;
				FRAMEWORK_SEARCH_PATHS = (
					"$(inherited)",
					"$(PROJECT_DIR)/Carthage/Build/iOS",
				);
				INFOPLIST_FILE = "ios-itunes-search-appTests/Info.plist";
				LD_RUNPATH_SEARCH_PATHS = "$(inherited) @executable_path/Frameworks @loader_path/Frameworks";
				PRODUCT_BUNDLE_IDENTIFIER = "jp.co.sundaycarpenter.ios-itunes-search-appTests";
				PRODUCT_NAME = "$(TARGET_NAME)";
				SWIFT_VERSION = 4.0;
				TARGETED_DEVICE_FAMILY = "1,2";
				TEST_HOST = "$(BUILT_PRODUCTS_DIR)/ios-itunes-search-app.app/ios-itunes-search-app";
			};
			name = Release;
		};
/* End XCBuildConfiguration section */

/* Begin XCConfigurationList section */
		1061B50620641362006B75E6 /* Build configuration list for PBXProject "ios-itunes-search-app" */ = {
			isa = XCConfigurationList;
			buildConfigurations = (
				1061B52620641363006B75E6 /* Debug */,
				1061B52720641363006B75E6 /* Release */,
			);
			defaultConfigurationIsVisible = 0;
			defaultConfigurationName = Release;
		};
		1061B52820641363006B75E6 /* Build configuration list for PBXNativeTarget "ios-itunes-search-app" */ = {
			isa = XCConfigurationList;
			buildConfigurations = (
				1061B52920641363006B75E6 /* Debug */,
				1061B52A20641363006B75E6 /* Release */,
			);
			defaultConfigurationIsVisible = 0;
			defaultConfigurationName = Release;
		};
		1061B52B20641363006B75E6 /* Build configuration list for PBXNativeTarget "ios-itunes-search-appTests" */ = {
			isa = XCConfigurationList;
			buildConfigurations = (
				1061B52C20641363006B75E6 /* Debug */,
				1061B52D20641363006B75E6 /* Release */,
			);
			defaultConfigurationIsVisible = 0;
			defaultConfigurationName = Release;
		};
/* End XCConfigurationList section */
	};
	rootObject = 1061B50320641362006B75E6 /* Project object */;
}
